{
  "name": "text-shadow-component",
  "version": "1.0.5",
  "lockfileVersion": 1,
  "requires": true,
  "dependencies": {
    "colors-regex": {
      "version": "2.0.0",
      "resolved": "https://registry.npmjs.org/colors-regex/-/colors-regex-2.0.0.tgz",
      "integrity": "sha1-nQmVhuRFEQvCkdnSNvGI46Kwd7o="
    },
    "flow-bin": {
      "version": "0.122.0",
      "resolved": "https://registry.npmjs.org/flow-bin/-/flow-bin-0.122.0.tgz",
      "integrity": "sha512-my8N5jgl/A+UVby9E7NDppHdhLgRbWgKbmFZSx2MSYMRh3d9YGnM2MM+wexpUpl0ftY1IM6ZcUwaAhrypLyvlA==",
      "dev": true
    }
  }
}
